
Microsoft Visual Studio Solution File, Format Version 12.00
# Visual Studio Version 17
VisualStudioVersion = 17.3.32929.385
MinimumVisualStudioVersion = 10.0.40219.1
Project("{D954291E-2A0B-460D-934E-DC6B0785DB48}") = "ImpulseCS.Shared", "ImpulseCS\ImpulseCS.Shared\ImpulseCS.Shared.shproj", "{6279C845-92F8-4333-AB99-3D213163593C}"
EndProject
Project("{2150E333-8FDC-42A3-9474-1A3956D46DE8}") = "Platforms", "Platforms", "{D104145C-0EF9-494C-8EFB-F27C7002F9CA}"
EndProject
Project("{FAE04EC0-301F-11D3-BF4B-00C04F79EFBC}") = "ImpulseCS.UWP", "ImpulseCS\ImpulseCS.UWP\ImpulseCS.UWP.csproj", "{E6DB7CEA-3D00-48FB-8E83-B64802A9D9DA}"
EndProject
Project("{9A19103F-16F7-4668-BE54-9A1E7A4F7556}") = "ImpulseCS.Wasm", "ImpulseCS\ImpulseCS.Wasm\ImpulseCS.Wasm.csproj", "{AB55771F-8988-47B2-9ADE-C14FEB1AA45D}"
EndProject
Project("{9A19103F-16F7-4668-BE54-9A1E7A4F7556}") = "ImpulseCS.Skia.Wpf.Host", "ImpulseCS\ImpulseCS.Skia.Wpf.Host\ImpulseCS.Skia.Wpf.Host.csproj", "{81BD82AF-C471-42EB-9E7F-93B6879DC925}"
EndProject
Project("{9A19103F-16F7-4668-BE54-9A1E7A4F7556}") = "ImpulseCS.Skia.Wpf", "ImpulseCS\ImpulseCS.Skia.Wpf\ImpulseCS.Skia.Wpf.csproj", "{D1246C4C-AF41-43FA-B8B5-7899823E8A8C}"
EndProject
Project("{9A19103F-16F7-4668-BE54-9A1E7A4F7556}") = "ImpulseCS.Skia.Gtk", "ImpulseCS\ImpulseCS.Skia.Gtk\ImpulseCS.Skia.Gtk.csproj", "{C5BC0105-FBAB-4533-BE22-66F35D48F9E9}"
EndProject
Project("{9A19103F-16F7-4668-BE54-9A1E7A4F7556}") = "ImpulseCS.Skia.Tizen", "ImpulseCS\ImpulseCS.Skia.Tizen\ImpulseCS.Skia.Tizen.csproj", "{65853A10-FA3B-4FAD-9B30-1124B90DACAE}"
EndProject
Global
	GlobalSection(SolutionConfigurationPlatforms) = preSolution
		Ad-Hoc|Any CPU = Ad-Hoc|Any CPU
		Ad-Hoc|ARM = Ad-Hoc|ARM
		Ad-Hoc|ARM64 = Ad-Hoc|ARM64
		Ad-Hoc|iPhone = Ad-Hoc|iPhone
		Ad-Hoc|iPhoneSimulator = Ad-Hoc|iPhoneSimulator
		Ad-Hoc|x64 = Ad-Hoc|x64
		Ad-Hoc|x86 = Ad-Hoc|x86
		AppStore|Any CPU = AppStore|Any CPU
		AppStore|ARM = AppStore|ARM
		AppStore|ARM64 = AppStore|ARM64
		AppStore|iPhone = AppStore|iPhone
		AppStore|iPhoneSimulator = AppStore|iPhoneSimulator
		AppStore|x64 = AppStore|x64
		AppStore|x86 = AppStore|x86
		Debug|Any CPU = Debug|Any CPU
		Debug|ARM = Debug|ARM
		Debug|ARM64 = Debug|ARM64
		Debug|iPhone = Debug|iPhone
		Debug|iPhoneSimulator = Debug|iPhoneSimulator
		Debug|x64 = Debug|x64
		Debug|x86 = Debug|x86
		Release|Any CPU = Release|Any CPU
		Release|ARM = Release|ARM
		Release|ARM64 = Release|ARM64
		Release|iPhone = Release|iPhone
		Release|iPhoneSimulator = Release|iPhoneSimulator
		Release|x64 = Release|x64
		Release|x86 = Release|x86
	EndGlobalSection
	GlobalSection(ProjectConfigurationPlatforms) = postSolution
		{E6DB7CEA-3D00-48FB-8E83-B64802A9D9DA}.Ad-Hoc|Any CPU.ActiveCfg = Debug|x64
		{E6DB7CEA-3D00-48FB-8E83-B64802A9D9DA}.Ad-Hoc|Any CPU.Build.0 = Debug|x64
		{E6DB7CEA-3D00-48FB-8E83-B64802A9D9DA}.Ad-Hoc|Any CPU.Deploy.0 = Debug|x64
		{E6DB7CEA-3D00-48FB-8E83-B64802A9D9DA}.Ad-Hoc|ARM.ActiveCfg = Debug|ARM
		{E6DB7CEA-3D00-48FB-8E83-B64802A9D9DA}.Ad-Hoc|ARM.Build.0 = Debug|ARM
		{E6DB7CEA-3D00-48FB-8E83-B64802A9D9DA}.Ad-Hoc|ARM.Deploy.0 = Debug|ARM
		{E6DB7CEA-3D00-48FB-8E83-B64802A9D9DA}.Ad-Hoc|ARM64.ActiveCfg = Debug|ARM64
		{E6DB7CEA-3D00-48FB-8E83-B64802A9D9DA}.Ad-Hoc|ARM64.Build.0 = Debug|ARM64
		{E6DB7CEA-3D00-48FB-8E83-B64802A9D9DA}.Ad-Hoc|ARM64.Deploy.0 = Debug|ARM64
		{E6DB7CEA-3D00-48FB-8E83-B64802A9D9DA}.Ad-Hoc|iPhone.ActiveCfg = Debug|x64
		{E6DB7CEA-3D00-48FB-8E83-B64802A9D9DA}.Ad-Hoc|iPhone.Build.0 = Debug|x64
		{E6DB7CEA-3D00-48FB-8E83-B64802A9D9DA}.Ad-Hoc|iPhone.Deploy.0 = Debug|x64
		{E6DB7CEA-3D00-48FB-8E83-B64802A9D9DA}.Ad-Hoc|iPhoneSimulator.ActiveCfg = Debug|x64
		{E6DB7CEA-3D00-48FB-8E83-B64802A9D9DA}.Ad-Hoc|iPhoneSimulator.Build.0 = Debug|x64
		{E6DB7CEA-3D00-48FB-8E83-B64802A9D9DA}.Ad-Hoc|iPhoneSimulator.Deploy.0 = Debug|x64
		{E6DB7CEA-3D00-48FB-8E83-B64802A9D9DA}.Ad-Hoc|x64.ActiveCfg = Debug|x64
		{E6DB7CEA-3D00-48FB-8E83-B64802A9D9DA}.Ad-Hoc|x64.Build.0 = Debug|x64
		{E6DB7CEA-3D00-48FB-8E83-B64802A9D9DA}.Ad-Hoc|x64.Deploy.0 = Debug|x64
		{E6DB7CEA-3D00-48FB-8E83-B64802A9D9DA}.Ad-Hoc|x86.ActiveCfg = Debug|x86
		{E6DB7CEA-3D00-48FB-8E83-B64802A9D9DA}.Ad-Hoc|x86.Build.0 = Debug|x86
		{E6DB7CEA-3D00-48FB-8E83-B64802A9D9DA}.Ad-Hoc|x86.Deploy.0 = Debug|x86
		{E6DB7CEA-3D00-48FB-8E83-B64802A9D9DA}.AppStore|Any CPU.ActiveCfg = Debug|x64
		{E6DB7CEA-3D00-48FB-8E83-B64802A9D9DA}.AppStore|Any CPU.Build.0 = Debug|x64
		{E6DB7CEA-3D00-48FB-8E83-B64802A9D9DA}.AppStore|Any CPU.Deploy.0 = Debug|x64
		{E6DB7CEA-3D00-48FB-8E83-B64802A9D9DA}.AppStore|ARM.ActiveCfg = Debug|ARM
		{E6DB7CEA-3D00-48FB-8E83-B64802A9D9DA}.AppStore|ARM.Build.0 = Debug|ARM
		{E6DB7CEA-3D00-48FB-8E83-B64802A9D9DA}.AppStore|ARM.Deploy.0 = Debug|ARM
		{E6DB7CEA-3D00-48FB-8E83-B64802A9D9DA}.AppStore|ARM64.ActiveCfg = Debug|ARM64
		{E6DB7CEA-3D00-48FB-8E83-B64802A9D9DA}.AppStore|ARM64.Build.0 = Debug|ARM64
		{E6DB7CEA-3D00-48FB-8E83-B64802A9D9DA}.AppStore|ARM64.Deploy.0 = Debug|ARM64
		{E6DB7CEA-3D00-48FB-8E83-B64802A9D9DA}.AppStore|iPhone.ActiveCfg = Debug|x64
		{E6DB7CEA-3D00-48FB-8E83-B64802A9D9DA}.AppStore|iPhone.Build.0 = Debug|x64
		{E6DB7CEA-3D00-48FB-8E83-B64802A9D9DA}.AppStore|iPhone.Deploy.0 = Debug|x64
		{E6DB7CEA-3D00-48FB-8E83-B64802A9D9DA}.AppStore|iPhoneSimulator.ActiveCfg = Debug|x64
		{E6DB7CEA-3D00-48FB-8E83-B64802A9D9DA}.AppStore|iPhoneSimulator.Build.0 = Debug|x64
		{E6DB7CEA-3D00-48FB-8E83-B64802A9D9DA}.AppStore|iPhoneSimulator.Deploy.0 = Debug|x64
		{E6DB7CEA-3D00-48FB-8E83-B64802A9D9DA}.AppStore|x64.ActiveCfg = Debug|x64
		{E6DB7CEA-3D00-48FB-8E83-B64802A9D9DA}.AppStore|x64.Build.0 = Debug|x64
		{E6DB7CEA-3D00-48FB-8E83-B64802A9D9DA}.AppStore|x64.Deploy.0 = Debug|x64
		{E6DB7CEA-3D00-48FB-8E83-B64802A9D9DA}.AppStore|x86.ActiveCfg = Debug|x86
		{E6DB7CEA-3D00-48FB-8E83-B64802A9D9DA}.AppStore|x86.Build.0 = Debug|x86
		{E6DB7CEA-3D00-48FB-8E83-B64802A9D9DA}.AppStore|x86.Deploy.0 = Debug|x86
		{E6DB7CEA-3D00-48FB-8E83-B64802A9D9DA}.Debug|Any CPU.ActiveCfg = Debug|x64
		{E6DB7CEA-3D00-48FB-8E83-B64802A9D9DA}.Debug|Any CPU.Build.0 = Debug|x64
		{E6DB7CEA-3D00-48FB-8E83-B64802A9D9DA}.Debug|Any CPU.Deploy.0 = Debug|x64
		{E6DB7CEA-3D00-48FB-8E83-B64802A9D9DA}.Debug|ARM.ActiveCfg = Debug|ARM
		{E6DB7CEA-3D00-48FB-8E83-B64802A9D9DA}.Debug|ARM.Build.0 = Debug|ARM
		{E6DB7CEA-3D00-48FB-8E83-B64802A9D9DA}.Debug|ARM.Deploy.0 = Debug|ARM
		{E6DB7CEA-3D00-48FB-8E83-B64802A9D9DA}.Debug|ARM64.ActiveCfg = Debug|ARM64
		{E6DB7CEA-3D00-48FB-8E83-B64802A9D9DA}.Debug|ARM64.Build.0 = Debug|ARM64
		{E6DB7CEA-3D00-48FB-8E83-B64802A9D9DA}.Debug|ARM64.Deploy.0 = Debug|ARM64
		{E6DB7CEA-3D00-48FB-8E83-B64802A9D9DA}.Debug|iPhone.ActiveCfg = Debug|x64
		{E6DB7CEA-3D00-48FB-8E83-B64802A9D9DA}.Debug|iPhone.Build.0 = Debug|x64
		{E6DB7CEA-3D00-48FB-8E83-B64802A9D9DA}.Debug|iPhone.Deploy.0 = Debug|x64
		{E6DB7CEA-3D00-48FB-8E83-B64802A9D9DA}.Debug|iPhoneSimulator.ActiveCfg = Debug|x64
		{E6DB7CEA-3D00-48FB-8E83-B64802A9D9DA}.Debug|iPhoneSimulator.Build.0 = Debug|x64
		{E6DB7CEA-3D00-48FB-8E83-B64802A9D9DA}.Debug|iPhoneSimulator.Deploy.0 = Debug|x64
		{E6DB7CEA-3D00-48FB-8E83-B64802A9D9DA}.Debug|x64.ActiveCfg = Debug|x64
		{E6DB7CEA-3D00-48FB-8E83-B64802A9D9DA}.Debug|x64.Build.0 = Debug|x64
		{E6DB7CEA-3D00-48FB-8E83-B64802A9D9DA}.Debug|x64.Deploy.0 = Debug|x64
		{E6DB7CEA-3D00-48FB-8E83-B64802A9D9DA}.Debug|x86.ActiveCfg = Debug|x86
		{E6DB7CEA-3D00-48FB-8E83-B64802A9D9DA}.Debug|x86.Build.0 = Debug|x86
		{E6DB7CEA-3D00-48FB-8E83-B64802A9D9DA}.Debug|x86.Deploy.0 = Debug|x86
		{E6DB7CEA-3D00-48FB-8E83-B64802A9D9DA}.Release|Any CPU.ActiveCfg = Release|x64
		{E6DB7CEA-3D00-48FB-8E83-B64802A9D9DA}.Release|Any CPU.Build.0 = Release|x64
		{E6DB7CEA-3D00-48FB-8E83-B64802A9D9DA}.Release|Any CPU.Deploy.0 = Release|x64
		{E6DB7CEA-3D00-48FB-8E83-B64802A9D9DA}.Release|ARM.ActiveCfg = Release|ARM
		{E6DB7CEA-3D00-48FB-8E83-B64802A9D9DA}.Release|ARM.Build.0 = Release|ARM
		{E6DB7CEA-3D00-48FB-8E83-B64802A9D9DA}.Release|ARM.Deploy.0 = Release|ARM
		{E6DB7CEA-3D00-48FB-8E83-B64802A9D9DA}.Release|ARM64.ActiveCfg = Release|ARM64
		{E6DB7CEA-3D00-48FB-8E83-B64802A9D9DA}.Release|ARM64.Build.0 = Release|ARM64
		{E6DB7CEA-3D00-48FB-8E83-B64802A9D9DA}.Release|ARM64.Deploy.0 = Release|ARM64
		{E6DB7CEA-3D00-48FB-8E83-B64802A9D9DA}.Release|iPhone.ActiveCfg = Release|x64
		{E6DB7CEA-3D00-48FB-8E83-B64802A9D9DA}.Release|iPhone.Build.0 = Release|x64
		{E6DB7CEA-3D00-48FB-8E83-B64802A9D9DA}.Release|iPhone.Deploy.0 = Release|x64
		{E6DB7CEA-3D00-48FB-8E83-B64802A9D9DA}.Release|iPhoneSimulator.ActiveCfg = Release|x64
		{E6DB7CEA-3D00-48FB-8E83-B64802A9D9DA}.Release|iPhoneSimulator.Build.0 = Release|x64
		{E6DB7CEA-3D00-48FB-8E83-B64802A9D9DA}.Release|iPhoneSimulator.Deploy.0 = Release|x64
		{E6DB7CEA-3D00-48FB-8E83-B64802A9D9DA}.Release|x64.ActiveCfg = Release|x64
		{E6DB7CEA-3D00-48FB-8E83-B64802A9D9DA}.Release|x64.Build.0 = Release|x64
		{E6DB7CEA-3D00-48FB-8E83-B64802A9D9DA}.Release|x64.Deploy.0 = Release|x64
		{E6DB7CEA-3D00-48FB-8E83-B64802A9D9DA}.Release|x86.ActiveCfg = Release|x86
		{E6DB7CEA-3D00-48FB-8E83-B64802A9D9DA}.Release|x86.Build.0 = Release|x86
		{E6DB7CEA-3D00-48FB-8E83-B64802A9D9DA}.Release|x86.Deploy.0 = Release|x86
		{AB55771F-8988-47B2-9ADE-C14FEB1AA45D}.Ad-Hoc|Any CPU.ActiveCfg = Debug|Any CPU
		{AB55771F-8988-47B2-9ADE-C14FEB1AA45D}.Ad-Hoc|Any CPU.Build.0 = Debug|Any CPU
		{AB55771F-8988-47B2-9ADE-C14FEB1AA45D}.Ad-Hoc|ARM.ActiveCfg = Debug|Any CPU
		{AB55771F-8988-47B2-9ADE-C14FEB1AA45D}.Ad-Hoc|ARM.Build.0 = Debug|Any CPU
		{AB55771F-8988-47B2-9ADE-C14FEB1AA45D}.Ad-Hoc|ARM64.ActiveCfg = Debug|Any CPU
		{AB55771F-8988-47B2-9ADE-C14FEB1AA45D}.Ad-Hoc|ARM64.Build.0 = Debug|Any CPU
		{AB55771F-8988-47B2-9ADE-C14FEB1AA45D}.Ad-Hoc|iPhone.ActiveCfg = Debug|Any CPU
		{AB55771F-8988-47B2-9ADE-C14FEB1AA45D}.Ad-Hoc|iPhone.Build.0 = Debug|Any CPU
		{AB55771F-8988-47B2-9ADE-C14FEB1AA45D}.Ad-Hoc|iPhoneSimulator.ActiveCfg = Debug|Any CPU
		{AB55771F-8988-47B2-9ADE-C14FEB1AA45D}.Ad-Hoc|iPhoneSimulator.Build.0 = Debug|Any CPU
		{AB55771F-8988-47B2-9ADE-C14FEB1AA45D}.Ad-Hoc|x64.ActiveCfg = Debug|Any CPU
		{AB55771F-8988-47B2-9ADE-C14FEB1AA45D}.Ad-Hoc|x64.Build.0 = Debug|Any CPU
		{AB55771F-8988-47B2-9ADE-C14FEB1AA45D}.Ad-Hoc|x86.ActiveCfg = Debug|Any CPU
		{AB55771F-8988-47B2-9ADE-C14FEB1AA45D}.Ad-Hoc|x86.Build.0 = Debug|Any CPU
		{AB55771F-8988-47B2-9ADE-C14FEB1AA45D}.AppStore|Any CPU.ActiveCfg = Debug|Any CPU
		{AB55771F-8988-47B2-9ADE-C14FEB1AA45D}.AppStore|Any CPU.Build.0 = Debug|Any CPU
		{AB55771F-8988-47B2-9ADE-C14FEB1AA45D}.AppStore|ARM.ActiveCfg = Debug|Any CPU
		{AB55771F-8988-47B2-9ADE-C14FEB1AA45D}.AppStore|ARM.Build.0 = Debug|Any CPU
		{AB55771F-8988-47B2-9ADE-C14FEB1AA45D}.AppStore|ARM64.ActiveCfg = Debug|Any CPU
		{AB55771F-8988-47B2-9ADE-C14FEB1AA45D}.AppStore|ARM64.Build.0 = Debug|Any CPU
		{AB55771F-8988-47B2-9ADE-C14FEB1AA45D}.AppStore|iPhone.ActiveCfg = Debug|Any CPU
		{AB55771F-8988-47B2-9ADE-C14FEB1AA45D}.AppStore|iPhone.Build.0 = Debug|Any CPU
		{AB55771F-8988-47B2-9ADE-C14FEB1AA45D}.AppStore|iPhoneSimulator.ActiveCfg = Debug|Any CPU
		{AB55771F-8988-47B2-9ADE-C14FEB1AA45D}.AppStore|iPhoneSimulator.Build.0 = Debug|Any CPU
		{AB55771F-8988-47B2-9ADE-C14FEB1AA45D}.AppStore|x64.ActiveCfg = Debug|Any CPU
		{AB55771F-8988-47B2-9ADE-C14FEB1AA45D}.AppStore|x64.Build.0 = Debug|Any CPU
		{AB55771F-8988-47B2-9ADE-C14FEB1AA45D}.AppStore|x86.ActiveCfg = Debug|Any CPU
		{AB55771F-8988-47B2-9ADE-C14FEB1AA45D}.AppStore|x86.Build.0 = Debug|Any CPU
		{AB55771F-8988-47B2-9ADE-C14FEB1AA45D}.Debug|Any CPU.ActiveCfg = Debug|Any CPU
		{AB55771F-8988-47B2-9ADE-C14FEB1AA45D}.Debug|Any CPU.Build.0 = Debug|Any CPU
		{AB55771F-8988-47B2-9ADE-C14FEB1AA45D}.Debug|ARM.ActiveCfg = Debug|Any CPU
		{AB55771F-8988-47B2-9ADE-C14FEB1AA45D}.Debug|ARM.Build.0 = Debug|Any CPU
		{AB55771F-8988-47B2-9ADE-C14FEB1AA45D}.Debug|ARM64.ActiveCfg = Debug|Any CPU
		{AB55771F-8988-47B2-9ADE-C14FEB1AA45D}.Debug|ARM64.Build.0 = Debug|Any CPU
		{AB55771F-8988-47B2-9ADE-C14FEB1AA45D}.Debug|iPhone.ActiveCfg = Debug|Any CPU
		{AB55771F-8988-47B2-9ADE-C14FEB1AA45D}.Debug|iPhone.Build.0 = Debug|Any CPU
		{AB55771F-8988-47B2-9ADE-C14FEB1AA45D}.Debug|iPhoneSimulator.ActiveCfg = Debug|Any CPU
		{AB55771F-8988-47B2-9ADE-C14FEB1AA45D}.Debug|iPhoneSimulator.Build.0 = Debug|Any CPU
		{AB55771F-8988-47B2-9ADE-C14FEB1AA45D}.Debug|x64.ActiveCfg = Debug|Any CPU
		{AB55771F-8988-47B2-9ADE-C14FEB1AA45D}.Debug|x64.Build.0 = Debug|Any CPU
		{AB55771F-8988-47B2-9ADE-C14FEB1AA45D}.Debug|x86.ActiveCfg = Debug|Any CPU
		{AB55771F-8988-47B2-9ADE-C14FEB1AA45D}.Debug|x86.Build.0 = Debug|Any CPU
		{AB55771F-8988-47B2-9ADE-C14FEB1AA45D}.Release|Any CPU.ActiveCfg = Release|Any CPU
		{AB55771F-8988-47B2-9ADE-C14FEB1AA45D}.Release|Any CPU.Build.0 = Release|Any CPU
		{AB55771F-8988-47B2-9ADE-C14FEB1AA45D}.Release|ARM.ActiveCfg = Release|Any CPU
		{AB55771F-8988-47B2-9ADE-C14FEB1AA45D}.Release|ARM.Build.0 = Release|Any CPU
		{AB55771F-8988-47B2-9ADE-C14FEB1AA45D}.Release|ARM64.ActiveCfg = Release|Any CPU
		{AB55771F-8988-47B2-9ADE-C14FEB1AA45D}.Release|ARM64.Build.0 = Release|Any CPU
		{AB55771F-8988-47B2-9ADE-C14FEB1AA45D}.Release|iPhone.ActiveCfg = Release|Any CPU
		{AB55771F-8988-47B2-9ADE-C14FEB1AA45D}.Release|iPhone.Build.0 = Release|Any CPU
		{AB55771F-8988-47B2-9ADE-C14FEB1AA45D}.Release|iPhoneSimulator.ActiveCfg = Release|Any CPU
		{AB55771F-8988-47B2-9ADE-C14FEB1AA45D}.Release|iPhoneSimulator.Build.0 = Release|Any CPU
		{AB55771F-8988-47B2-9ADE-C14FEB1AA45D}.Release|x64.ActiveCfg = Release|Any CPU
		{AB55771F-8988-47B2-9ADE-C14FEB1AA45D}.Release|x64.Build.0 = Release|Any CPU
		{AB55771F-8988-47B2-9ADE-C14FEB1AA45D}.Release|x86.ActiveCfg = Release|Any CPU
		{AB55771F-8988-47B2-9ADE-C14FEB1AA45D}.Release|x86.Build.0 = Release|Any CPU
		{81BD82AF-C471-42EB-9E7F-93B6879DC925}.Ad-Hoc|Any CPU.ActiveCfg = Debug|Any CPU
		{81BD82AF-C471-42EB-9E7F-93B6879DC925}.Ad-Hoc|Any CPU.Build.0 = Debug|Any CPU
		{81BD82AF-C471-42EB-9E7F-93B6879DC925}.Ad-Hoc|ARM.ActiveCfg = Debug|Any CPU
		{81BD82AF-C471-42EB-9E7F-93B6879DC925}.Ad-Hoc|ARM.Build.0 = Debug|Any CPU
		{81BD82AF-C471-42EB-9E7F-93B6879DC925}.Ad-Hoc|ARM64.ActiveCfg = Debug|Any CPU
		{81BD82AF-C471-42EB-9E7F-93B6879DC925}.Ad-Hoc|ARM64.Build.0 = Debug|Any CPU
		{81BD82AF-C471-42EB-9E7F-93B6879DC925}.Ad-Hoc|iPhone.ActiveCfg = Debug|Any CPU
		{81BD82AF-C471-42EB-9E7F-93B6879DC925}.Ad-Hoc|iPhone.Build.0 = Debug|Any CPU
		{81BD82AF-C471-42EB-9E7F-93B6879DC925}.Ad-Hoc|iPhoneSimulator.ActiveCfg = Debug|Any CPU
		{81BD82AF-C471-42EB-9E7F-93B6879DC925}.Ad-Hoc|iPhoneSimulator.Build.0 = Debug|Any CPU
		{81BD82AF-C471-42EB-9E7F-93B6879DC925}.Ad-Hoc|x64.ActiveCfg = Debug|Any CPU
		{81BD82AF-C471-42EB-9E7F-93B6879DC925}.Ad-Hoc|x64.Build.0 = Debug|Any CPU
		{81BD82AF-C471-42EB-9E7F-93B6879DC925}.Ad-Hoc|x86.ActiveCfg = Debug|Any CPU
		{81BD82AF-C471-42EB-9E7F-93B6879DC925}.Ad-Hoc|x86.Build.0 = Debug|Any CPU
		{81BD82AF-C471-42EB-9E7F-93B6879DC925}.AppStore|Any CPU.ActiveCfg = Debug|Any CPU
		{81BD82AF-C471-42EB-9E7F-93B6879DC925}.AppStore|Any CPU.Build.0 = Debug|Any CPU
		{81BD82AF-C471-42EB-9E7F-93B6879DC925}.AppStore|ARM.ActiveCfg = Debug|Any CPU
		{81BD82AF-C471-42EB-9E7F-93B6879DC925}.AppStore|ARM.Build.0 = Debug|Any CPU
		{81BD82AF-C471-42EB-9E7F-93B6879DC925}.AppStore|ARM64.ActiveCfg = Debug|Any CPU
		{81BD82AF-C471-42EB-9E7F-93B6879DC925}.AppStore|ARM64.Build.0 = Debug|Any CPU
		{81BD82AF-C471-42EB-9E7F-93B6879DC925}.AppStore|iPhone.ActiveCfg = Debug|Any CPU
		{81BD82AF-C471-42EB-9E7F-93B6879DC925}.AppStore|iPhone.Build.0 = Debug|Any CPU
		{81BD82AF-C471-42EB-9E7F-93B6879DC925}.AppStore|iPhoneSimulator.ActiveCfg = Debug|Any CPU
		{81BD82AF-C471-42EB-9E7F-93B6879DC925}.AppStore|iPhoneSimulator.Build.0 = Debug|Any CPU
		{81BD82AF-C471-42EB-9E7F-93B6879DC925}.AppStore|x64.ActiveCfg = Debug|Any CPU
		{81BD82AF-C471-42EB-9E7F-93B6879DC925}.AppStore|x64.Build.0 = Debug|Any CPU
		{81BD82AF-C471-42EB-9E7F-93B6879DC925}.AppStore|x86.ActiveCfg = Debug|Any CPU
		{81BD82AF-C471-42EB-9E7F-93B6879DC925}.AppStore|x86.Build.0 = Debug|Any CPU
		{81BD82AF-C471-42EB-9E7F-93B6879DC925}.Debug|Any CPU.ActiveCfg = Debug|Any CPU
		{81BD82AF-C471-42EB-9E7F-93B6879DC925}.Debug|Any CPU.Build.0 = Debug|Any CPU
		{81BD82AF-C471-42EB-9E7F-93B6879DC925}.Debug|ARM.ActiveCfg = Debug|Any CPU
		{81BD82AF-C471-42EB-9E7F-93B6879DC925}.Debug|ARM.Build.0 = Debug|Any CPU
		{81BD82AF-C471-42EB-9E7F-93B6879DC925}.Debug|ARM64.ActiveCfg = Debug|Any CPU
		{81BD82AF-C471-42EB-9E7F-93B6879DC925}.Debug|ARM64.Build.0 = Debug|Any CPU
		{81BD82AF-C471-42EB-9E7F-93B6879DC925}.Debug|iPhone.ActiveCfg = Debug|Any CPU
		{81BD82AF-C471-42EB-9E7F-93B6879DC925}.Debug|iPhone.Build.0 = Debug|Any CPU
		{81BD82AF-C471-42EB-9E7F-93B6879DC925}.Debug|iPhoneSimulator.ActiveCfg = Debug|Any CPU
		{81BD82AF-C471-42EB-9E7F-93B6879DC925}.Debug|iPhoneSimulator.Build.0 = Debug|Any CPU
		{81BD82AF-C471-42EB-9E7F-93B6879DC925}.Debug|x64.ActiveCfg = Debug|Any CPU
		{81BD82AF-C471-42EB-9E7F-93B6879DC925}.Debug|x64.Build.0 = Debug|Any CPU
		{81BD82AF-C471-42EB-9E7F-93B6879DC925}.Debug|x86.ActiveCfg = Debug|Any CPU
		{81BD82AF-C471-42EB-9E7F-93B6879DC925}.Debug|x86.Build.0 = Debug|Any CPU
		{81BD82AF-C471-42EB-9E7F-93B6879DC925}.Release|Any CPU.ActiveCfg = Release|Any CPU
		{81BD82AF-C471-42EB-9E7F-93B6879DC925}.Release|Any CPU.Build.0 = Release|Any CPU
		{81BD82AF-C471-42EB-9E7F-93B6879DC925}.Release|ARM.ActiveCfg = Release|Any CPU
		{81BD82AF-C471-42EB-9E7F-93B6879DC925}.Release|ARM.Build.0 = Release|Any CPU
		{81BD82AF-C471-42EB-9E7F-93B6879DC925}.Release|ARM64.ActiveCfg = Release|Any CPU
		{81BD82AF-C471-42EB-9E7F-93B6879DC925}.Release|ARM64.Build.0 = Release|Any CPU
		{81BD82AF-C471-42EB-9E7F-93B6879DC925}.Release|iPhone.ActiveCfg = Release|Any CPU
		{81BD82AF-C471-42EB-9E7F-93B6879DC925}.Release|iPhone.Build.0 = Release|Any CPU
		{81BD82AF-C471-42EB-9E7F-93B6879DC925}.Release|iPhoneSimulator.ActiveCfg = Release|Any CPU
		{81BD82AF-C471-42EB-9E7F-93B6879DC925}.Release|iPhoneSimulator.Build.0 = Release|Any CPU
		{81BD82AF-C471-42EB-9E7F-93B6879DC925}.Release|x64.ActiveCfg = Release|Any CPU
		{81BD82AF-C471-42EB-9E7F-93B6879DC925}.Release|x64.Build.0 = Release|Any CPU
		{81BD82AF-C471-42EB-9E7F-93B6879DC925}.Release|x86.ActiveCfg = Release|Any CPU
		{81BD82AF-C471-42EB-9E7F-93B6879DC925}.Release|x86.Build.0 = Release|Any CPU
		{D1246C4C-AF41-43FA-B8B5-7899823E8A8C}.Ad-Hoc|Any CPU.ActiveCfg = Debug|Any CPU
		{D1246C4C-AF41-43FA-B8B5-7899823E8A8C}.Ad-Hoc|Any CPU.Build.0 = Debug|Any CPU
		{D1246C4C-AF41-43FA-B8B5-7899823E8A8C}.Ad-Hoc|ARM.ActiveCfg = Debug|Any CPU
		{D1246C4C-AF41-43FA-B8B5-7899823E8A8C}.Ad-Hoc|ARM.Build.0 = Debug|Any CPU
		{D1246C4C-AF41-43FA-B8B5-7899823E8A8C}.Ad-Hoc|ARM64.ActiveCfg = Debug|Any CPU
		{D1246C4C-AF41-43FA-B8B5-7899823E8A8C}.Ad-Hoc|ARM64.Build.0 = Debug|Any CPU
		{D1246C4C-AF41-43FA-B8B5-7899823E8A8C}.Ad-Hoc|iPhone.ActiveCfg = Debug|Any CPU
		{D1246C4C-AF41-43FA-B8B5-7899823E8A8C}.Ad-Hoc|iPhone.Build.0 = Debug|Any CPU
		{D1246C4C-AF41-43FA-B8B5-7899823E8A8C}.Ad-Hoc|iPhoneSimulator.ActiveCfg = Debug|Any CPU
		{D1246C4C-AF41-43FA-B8B5-7899823E8A8C}.Ad-Hoc|iPhoneSimulator.Build.0 = Debug|Any CPU
		{D1246C4C-AF41-43FA-B8B5-7899823E8A8C}.Ad-Hoc|x64.ActiveCfg = Debug|Any CPU
		{D1246C4C-AF41-43FA-B8B5-7899823E8A8C}.Ad-Hoc|x64.Build.0 = Debug|Any CPU
		{D1246C4C-AF41-43FA-B8B5-7899823E8A8C}.Ad-Hoc|x86.ActiveCfg = Debug|Any CPU
		{D1246C4C-AF41-43FA-B8B5-7899823E8A8C}.Ad-Hoc|x86.Build.0 = Debug|Any CPU
		{D1246C4C-AF41-43FA-B8B5-7899823E8A8C}.AppStore|Any CPU.ActiveCfg = Debug|Any CPU
		{D1246C4C-AF41-43FA-B8B5-7899823E8A8C}.AppStore|Any CPU.Build.0 = Debug|Any CPU
		{D1246C4C-AF41-43FA-B8B5-7899823E8A8C}.AppStore|ARM.ActiveCfg = Debug|Any CPU
		{D1246C4C-AF41-43FA-B8B5-7899823E8A8C}.AppStore|ARM.Build.0 = Debug|Any CPU
		{D1246C4C-AF41-43FA-B8B5-7899823E8A8C}.AppStore|ARM64.ActiveCfg = Debug|Any CPU
		{D1246C4C-AF41-43FA-B8B5-7899823E8A8C}.AppStore|ARM64.Build.0 = Debug|Any CPU
		{D1246C4C-AF41-43FA-B8B5-7899823E8A8C}.AppStore|iPhone.ActiveCfg = Debug|Any CPU
		{D1246C4C-AF41-43FA-B8B5-7899823E8A8C}.AppStore|iPhone.Build.0 = Debug|Any CPU
		{D1246C4C-AF41-43FA-B8B5-7899823E8A8C}.AppStore|iPhoneSimulator.ActiveCfg = Debug|Any CPU
		{D1246C4C-AF41-43FA-B8B5-7899823E8A8C}.AppStore|iPhoneSimulator.Build.0 = Debug|Any CPU
		{D1246C4C-AF41-43FA-B8B5-7899823E8A8C}.AppStore|x64.ActiveCfg = Debug|Any CPU
		{D1246C4C-AF41-43FA-B8B5-7899823E8A8C}.AppStore|x64.Build.0 = Debug|Any CPU
		{D1246C4C-AF41-43FA-B8B5-7899823E8A8C}.AppStore|x86.ActiveCfg = Debug|Any CPU
		{D1246C4C-AF41-43FA-B8B5-7899823E8A8C}.AppStore|x86.Build.0 = Debug|Any CPU
		{D1246C4C-AF41-43FA-B8B5-7899823E8A8C}.Debug|Any CPU.ActiveCfg = Debug|Any CPU
		{D1246C4C-AF41-43FA-B8B5-7899823E8A8C}.Debug|Any CPU.Build.0 = Debug|Any CPU
		{D1246C4C-AF41-43FA-B8B5-7899823E8A8C}.Debug|ARM.ActiveCfg = Debug|Any CPU
		{D1246C4C-AF41-43FA-B8B5-7899823E8A8C}.Debug|ARM.Build.0 = Debug|Any CPU
		{D1246C4C-AF41-43FA-B8B5-7899823E8A8C}.Debug|ARM64.ActiveCfg = Debug|Any CPU
		{D1246C4C-AF41-43FA-B8B5-7899823E8A8C}.Debug|ARM64.Build.0 = Debug|Any CPU
		{D1246C4C-AF41-43FA-B8B5-7899823E8A8C}.Debug|iPhone.ActiveCfg = Debug|Any CPU
		{D1246C4C-AF41-43FA-B8B5-7899823E8A8C}.Debug|iPhone.Build.0 = Debug|Any CPU
		{D1246C4C-AF41-43FA-B8B5-7899823E8A8C}.Debug|iPhoneSimulator.ActiveCfg = Debug|Any CPU
		{D1246C4C-AF41-43FA-B8B5-7899823E8A8C}.Debug|iPhoneSimulator.Build.0 = Debug|Any CPU
		{D1246C4C-AF41-43FA-B8B5-7899823E8A8C}.Debug|x64.ActiveCfg = Debug|Any CPU
		{D1246C4C-AF41-43FA-B8B5-7899823E8A8C}.Debug|x64.Build.0 = Debug|Any CPU
		{D1246C4C-AF41-43FA-B8B5-7899823E8A8C}.Debug|x86.ActiveCfg = Debug|Any CPU
		{D1246C4C-AF41-43FA-B8B5-7899823E8A8C}.Debug|x86.Build.0 = Debug|Any CPU
		{D1246C4C-AF41-43FA-B8B5-7899823E8A8C}.Release|Any CPU.ActiveCfg = Release|Any CPU
		{D1246C4C-AF41-43FA-B8B5-7899823E8A8C}.Release|Any CPU.Build.0 = Release|Any CPU
		{D1246C4C-AF41-43FA-B8B5-7899823E8A8C}.Release|ARM.ActiveCfg = Release|Any CPU
		{D1246C4C-AF41-43FA-B8B5-7899823E8A8C}.Release|ARM.Build.0 = Release|Any CPU
		{D1246C4C-AF41-43FA-B8B5-7899823E8A8C}.Release|ARM64.ActiveCfg = Release|Any CPU
		{D1246C4C-AF41-43FA-B8B5-7899823E8A8C}.Release|ARM64.Build.0 = Release|Any CPU
		{D1246C4C-AF41-43FA-B8B5-7899823E8A8C}.Release|iPhone.ActiveCfg = Release|Any CPU
		{D1246C4C-AF41-43FA-B8B5-7899823E8A8C}.Release|iPhone.Build.0 = Release|Any CPU
		{D1246C4C-AF41-43FA-B8B5-7899823E8A8C}.Release|iPhoneSimulator.ActiveCfg = Release|Any CPU
		{D1246C4C-AF41-43FA-B8B5-7899823E8A8C}.Release|iPhoneSimulator.Build.0 = Release|Any CPU
		{D1246C4C-AF41-43FA-B8B5-7899823E8A8C}.Release|x64.ActiveCfg = Release|Any CPU
		{D1246C4C-AF41-43FA-B8B5-7899823E8A8C}.Release|x64.Build.0 = Release|Any CPU
		{D1246C4C-AF41-43FA-B8B5-7899823E8A8C}.Release|x86.ActiveCfg = Release|Any CPU
		{D1246C4C-AF41-43FA-B8B5-7899823E8A8C}.Release|x86.Build.0 = Release|Any CPU
		{C5BC0105-FBAB-4533-BE22-66F35D48F9E9}.Ad-Hoc|Any CPU.ActiveCfg = Debug|Any CPU
		{C5BC0105-FBAB-4533-BE22-66F35D48F9E9}.Ad-Hoc|Any CPU.Build.0 = Debug|Any CPU
		{C5BC0105-FBAB-4533-BE22-66F35D48F9E9}.Ad-Hoc|ARM.ActiveCfg = Debug|Any CPU
		{C5BC0105-FBAB-4533-BE22-66F35D48F9E9}.Ad-Hoc|ARM.Build.0 = Debug|Any CPU
		{C5BC0105-FBAB-4533-BE22-66F35D48F9E9}.Ad-Hoc|ARM64.ActiveCfg = Debug|Any CPU
		{C5BC0105-FBAB-4533-BE22-66F35D48F9E9}.Ad-Hoc|ARM64.Build.0 = Debug|Any CPU
		{C5BC0105-FBAB-4533-BE22-66F35D48F9E9}.Ad-Hoc|iPhone.ActiveCfg = Debug|Any CPU
		{C5BC0105-FBAB-4533-BE22-66F35D48F9E9}.Ad-Hoc|iPhone.Build.0 = Debug|Any CPU
		{C5BC0105-FBAB-4533-BE22-66F35D48F9E9}.Ad-Hoc|iPhoneSimulator.ActiveCfg = Debug|Any CPU
		{C5BC0105-FBAB-4533-BE22-66F35D48F9E9}.Ad-Hoc|iPhoneSimulator.Build.0 = Debug|Any CPU
		{C5BC0105-FBAB-4533-BE22-66F35D48F9E9}.Ad-Hoc|x64.ActiveCfg = Debug|Any CPU
		{C5BC0105-FBAB-4533-BE22-66F35D48F9E9}.Ad-Hoc|x64.Build.0 = Debug|Any CPU
		{C5BC0105-FBAB-4533-BE22-66F35D48F9E9}.Ad-Hoc|x86.ActiveCfg = Debug|Any CPU
		{C5BC0105-FBAB-4533-BE22-66F35D48F9E9}.Ad-Hoc|x86.Build.0 = Debug|Any CPU
		{C5BC0105-FBAB-4533-BE22-66F35D48F9E9}.AppStore|Any CPU.ActiveCfg = Debug|Any CPU
		{C5BC0105-FBAB-4533-BE22-66F35D48F9E9}.AppStore|Any CPU.Build.0 = Debug|Any CPU
		{C5BC0105-FBAB-4533-BE22-66F35D48F9E9}.AppStore|ARM.ActiveCfg = Debug|Any CPU
		{C5BC0105-FBAB-4533-BE22-66F35D48F9E9}.AppStore|ARM.Build.0 = Debug|Any CPU
		{C5BC0105-FBAB-4533-BE22-66F35D48F9E9}.AppStore|ARM64.ActiveCfg = Debug|Any CPU
		{C5BC0105-FBAB-4533-BE22-66F35D48F9E9}.AppStore|ARM64.Build.0 = Debug|Any CPU
		{C5BC0105-FBAB-4533-BE22-66F35D48F9E9}.AppStore|iPhone.ActiveCfg = Debug|Any CPU
		{C5BC0105-FBAB-4533-BE22-66F35D48F9E9}.AppStore|iPhone.Build.0 = Debug|Any CPU
		{C5BC0105-FBAB-4533-BE22-66F35D48F9E9}.AppStore|iPhoneSimulator.ActiveCfg = Debug|Any CPU
		{C5BC0105-FBAB-4533-BE22-66F35D48F9E9}.AppStore|iPhoneSimulator.Build.0 = Debug|Any CPU
		{C5BC0105-FBAB-4533-BE22-66F35D48F9E9}.AppStore|x64.ActiveCfg = Debug|Any CPU
		{C5BC0105-FBAB-4533-BE22-66F35D48F9E9}.AppStore|x64.Build.0 = Debug|Any CPU
		{C5BC0105-FBAB-4533-BE22-66F35D48F9E9}.AppStore|x86.ActiveCfg = Debug|Any CPU
		{C5BC0105-FBAB-4533-BE22-66F35D48F9E9}.AppStore|x86.Build.0 = Debug|Any CPU
		{C5BC0105-FBAB-4533-BE22-66F35D48F9E9}.Debug|Any CPU.ActiveCfg = Debug|Any CPU
		{C5BC0105-FBAB-4533-BE22-66F35D48F9E9}.Debug|Any CPU.Build.0 = Debug|Any CPU
		{C5BC0105-FBAB-4533-BE22-66F35D48F9E9}.Debug|ARM.ActiveCfg = Debug|Any CPU
		{C5BC0105-FBAB-4533-BE22-66F35D48F9E9}.Debug|ARM.Build.0 = Debug|Any CPU
		{C5BC0105-FBAB-4533-BE22-66F35D48F9E9}.Debug|ARM64.ActiveCfg = Debug|Any CPU
		{C5BC0105-FBAB-4533-BE22-66F35D48F9E9}.Debug|ARM64.Build.0 = Debug|Any CPU
		{C5BC0105-FBAB-4533-BE22-66F35D48F9E9}.Debug|iPhone.ActiveCfg = Debug|Any CPU
		{C5BC0105-FBAB-4533-BE22-66F35D48F9E9}.Debug|iPhone.Build.0 = Debug|Any CPU
		{C5BC0105-FBAB-4533-BE22-66F35D48F9E9}.Debug|iPhoneSimulator.ActiveCfg = Debug|Any CPU
		{C5BC0105-FBAB-4533-BE22-66F35D48F9E9}.Debug|iPhoneSimulator.Build.0 = Debug|Any CPU
		{C5BC0105-FBAB-4533-BE22-66F35D48F9E9}.Debug|x64.ActiveCfg = Debug|Any CPU
		{C5BC0105-FBAB-4533-BE22-66F35D48F9E9}.Debug|x64.Build.0 = Debug|Any CPU
		{C5BC0105-FBAB-4533-BE22-66F35D48F9E9}.Debug|x86.ActiveCfg = Debug|Any CPU
		{C5BC0105-FBAB-4533-BE22-66F35D48F9E9}.Debug|x86.Build.0 = Debug|Any CPU
		{C5BC0105-FBAB-4533-BE22-66F35D48F9E9}.Release|Any CPU.ActiveCfg = Release|Any CPU
		{C5BC0105-FBAB-4533-BE22-66F35D48F9E9}.Release|Any CPU.Build.0 = Release|Any CPU
		{C5BC0105-FBAB-4533-BE22-66F35D48F9E9}.Release|ARM.ActiveCfg = Release|Any CPU
		{C5BC0105-FBAB-4533-BE22-66F35D48F9E9}.Release|ARM.Build.0 = Release|Any CPU
		{C5BC0105-FBAB-4533-BE22-66F35D48F9E9}.Release|ARM64.ActiveCfg = Release|Any CPU
		{C5BC0105-FBAB-4533-BE22-66F35D48F9E9}.Release|ARM64.Build.0 = Release|Any CPU
		{C5BC0105-FBAB-4533-BE22-66F35D48F9E9}.Release|iPhone.ActiveCfg = Release|Any CPU
		{C5BC0105-FBAB-4533-BE22-66F35D48F9E9}.Release|iPhone.Build.0 = Release|Any CPU
		{C5BC0105-FBAB-4533-BE22-66F35D48F9E9}.Release|iPhoneSimulator.ActiveCfg = Release|Any CPU
		{C5BC0105-FBAB-4533-BE22-66F35D48F9E9}.Release|iPhoneSimulator.Build.0 = Release|Any CPU
		{C5BC0105-FBAB-4533-BE22-66F35D48F9E9}.Release|x64.ActiveCfg = Release|Any CPU
		{C5BC0105-FBAB-4533-BE22-66F35D48F9E9}.Release|x64.Build.0 = Release|Any CPU
		{C5BC0105-FBAB-4533-BE22-66F35D48F9E9}.Release|x86.ActiveCfg = Release|Any CPU
		{C5BC0105-FBAB-4533-BE22-66F35D48F9E9}.Release|x86.Build.0 = Release|Any CPU
		{65853A10-FA3B-4FAD-9B30-1124B90DACAE}.Ad-Hoc|Any CPU.ActiveCfg = Debug|Any CPU
		{65853A10-FA3B-4FAD-9B30-1124B90DACAE}.Ad-Hoc|Any CPU.Build.0 = Debug|Any CPU
		{65853A10-FA3B-4FAD-9B30-1124B90DACAE}.Ad-Hoc|ARM.ActiveCfg = Debug|Any CPU
		{65853A10-FA3B-4FAD-9B30-1124B90DACAE}.Ad-Hoc|ARM.Build.0 = Debug|Any CPU
		{65853A10-FA3B-4FAD-9B30-1124B90DACAE}.Ad-Hoc|ARM64.ActiveCfg = Debug|Any CPU
		{65853A10-FA3B-4FAD-9B30-1124B90DACAE}.Ad-Hoc|ARM64.Build.0 = Debug|Any CPU
		{65853A10-FA3B-4FAD-9B30-1124B90DACAE}.Ad-Hoc|iPhone.ActiveCfg = Debug|Any CPU
		{65853A10-FA3B-4FAD-9B30-1124B90DACAE}.Ad-Hoc|iPhone.Build.0 = Debug|Any CPU
		{65853A10-FA3B-4FAD-9B30-1124B90DACAE}.Ad-Hoc|iPhoneSimulator.ActiveCfg = Debug|Any CPU
		{65853A10-FA3B-4FAD-9B30-1124B90DACAE}.Ad-Hoc|iPhoneSimulator.Build.0 = Debug|Any CPU
		{65853A10-FA3B-4FAD-9B30-1124B90DACAE}.Ad-Hoc|x64.ActiveCfg = Debug|Any CPU
		{65853A10-FA3B-4FAD-9B30-1124B90DACAE}.Ad-Hoc|x64.Build.0 = Debug|Any CPU
		{65853A10-FA3B-4FAD-9B30-1124B90DACAE}.Ad-Hoc|x86.ActiveCfg = Debug|Any CPU
		{65853A10-FA3B-4FAD-9B30-1124B90DACAE}.Ad-Hoc|x86.Build.0 = Debug|Any CPU
		{65853A10-FA3B-4FAD-9B30-1124B90DACAE}.AppStore|Any CPU.ActiveCfg = Debug|Any CPU
		{65853A10-FA3B-4FAD-9B30-1124B90DACAE}.AppStore|Any CPU.Build.0 = Debug|Any CPU
		{65853A10-FA3B-4FAD-9B30-1124B90DACAE}.AppStore|ARM.ActiveCfg = Debug|Any CPU
		{65853A10-FA3B-4FAD-9B30-1124B90DACAE}.AppStore|ARM.Build.0 = Debug|Any CPU
		{65853A10-FA3B-4FAD-9B30-1124B90DACAE}.AppStore|ARM64.ActiveCfg = Debug|Any CPU
		{65853A10-FA3B-4FAD-9B30-1124B90DACAE}.AppStore|ARM64.Build.0 = Debug|Any CPU
		{65853A10-FA3B-4FAD-9B30-1124B90DACAE}.AppStore|iPhone.ActiveCfg = Debug|Any CPU
		{65853A10-FA3B-4FAD-9B30-1124B90DACAE}.AppStore|iPhone.Build.0 = Debug|Any CPU
		{65853A10-FA3B-4FAD-9B30-1124B90DACAE}.AppStore|iPhoneSimulator.ActiveCfg = Debug|Any CPU
		{65853A10-FA3B-4FAD-9B30-1124B90DACAE}.AppStore|iPhoneSimulator.Build.0 = Debug|Any CPU
		{65853A10-FA3B-4FAD-9B30-1124B90DACAE}.AppStore|x64.ActiveCfg = Debug|Any CPU
		{65853A10-FA3B-4FAD-9B30-1124B90DACAE}.AppStore|x64.Build.0 = Debug|Any CPU
		{65853A10-FA3B-4FAD-9B30-1124B90DACAE}.AppStore|x86.ActiveCfg = Debug|Any CPU
		{65853A10-FA3B-4FAD-9B30-1124B90DACAE}.AppStore|x86.Build.0 = Debug|Any CPU
		{65853A10-FA3B-4FAD-9B30-1124B90DACAE}.Debug|Any CPU.ActiveCfg = Debug|Any CPU
		{65853A10-FA3B-4FAD-9B30-1124B90DACAE}.Debug|Any CPU.Build.0 = Debug|Any CPU
		{65853A10-FA3B-4FAD-9B30-1124B90DACAE}.Debug|ARM.ActiveCfg = Debug|Any CPU
		{65853A10-FA3B-4FAD-9B30-1124B90DACAE}.Debug|ARM.Build.0 = Debug|Any CPU
		{65853A10-FA3B-4FAD-9B30-1124B90DACAE}.Debug|ARM64.ActiveCfg = Debug|Any CPU
		{65853A10-FA3B-4FAD-9B30-1124B90DACAE}.Debug|ARM64.Build.0 = Debug|Any CPU
		{65853A10-FA3B-4FAD-9B30-1124B90DACAE}.Debug|iPhone.ActiveCfg = Debug|Any CPU
		{65853A10-FA3B-4FAD-9B30-1124B90DACAE}.Debug|iPhone.Build.0 = Debug|Any CPU
		{65853A10-FA3B-4FAD-9B30-1124B90DACAE}.Debug|iPhoneSimulator.ActiveCfg = Debug|Any CPU
		{65853A10-FA3B-4FAD-9B30-1124B90DACAE}.Debug|iPhoneSimulator.Build.0 = Debug|Any CPU
		{65853A10-FA3B-4FAD-9B30-1124B90DACAE}.Debug|x64.ActiveCfg = Debug|Any CPU
		{65853A10-FA3B-4FAD-9B30-1124B90DACAE}.Debug|x64.Build.0 = Debug|Any CPU
		{65853A10-FA3B-4FAD-9B30-1124B90DACAE}.Debug|x86.ActiveCfg = Debug|Any CPU
		{65853A10-FA3B-4FAD-9B30-1124B90DACAE}.Debug|x86.Build.0 = Debug|Any CPU
		{65853A10-FA3B-4FAD-9B30-1124B90DACAE}.Release|Any CPU.ActiveCfg = Release|Any CPU
		{65853A10-FA3B-4FAD-9B30-1124B90DACAE}.Release|Any CPU.Build.0 = Release|Any CPU
		{65853A10-FA3B-4FAD-9B30-1124B90DACAE}.Release|ARM.ActiveCfg = Release|Any CPU
		{65853A10-FA3B-4FAD-9B30-1124B90DACAE}.Release|ARM.Build.0 = Release|Any CPU
		{65853A10-FA3B-4FAD-9B30-1124B90DACAE}.Release|ARM64.ActiveCfg = Release|Any CPU
		{65853A10-FA3B-4FAD-9B30-1124B90DACAE}.Release|ARM64.Build.0 = Release|Any CPU
		{65853A10-FA3B-4FAD-9B30-1124B90DACAE}.Release|iPhone.ActiveCfg = Release|Any CPU
		{65853A10-FA3B-4FAD-9B30-1124B90DACAE}.Release|iPhone.Build.0 = Release|Any CPU
		{65853A10-FA3B-4FAD-9B30-1124B90DACAE}.Release|iPhoneSimulator.ActiveCfg = Release|Any CPU
		{65853A10-FA3B-4FAD-9B30-1124B90DACAE}.Release|iPhoneSimulator.Build.0 = Release|Any CPU
		{65853A10-FA3B-4FAD-9B30-1124B90DACAE}.Release|x64.ActiveCfg = Release|Any CPU
		{65853A10-FA3B-4FAD-9B30-1124B90DACAE}.Release|x64.Build.0 = Release|Any CPU
		{65853A10-FA3B-4FAD-9B30-1124B90DACAE}.Release|x86.ActiveCfg = Release|Any CPU
		{65853A10-FA3B-4FAD-9B30-1124B90DACAE}.Release|x86.Build.0 = Release|Any CPU
	EndGlobalSection
	GlobalSection(SolutionProperties) = preSolution
		HideSolutionNode = FALSE
	EndGlobalSection
	GlobalSection(NestedProjects) = preSolution
		{E6DB7CEA-3D00-48FB-8E83-B64802A9D9DA} = {D104145C-0EF9-494C-8EFB-F27C7002F9CA}
		{AB55771F-8988-47B2-9ADE-C14FEB1AA45D} = {D104145C-0EF9-494C-8EFB-F27C7002F9CA}
		{81BD82AF-C471-42EB-9E7F-93B6879DC925} = {D104145C-0EF9-494C-8EFB-F27C7002F9CA}
		{D1246C4C-AF41-43FA-B8B5-7899823E8A8C} = {D104145C-0EF9-494C-8EFB-F27C7002F9CA}
		{C5BC0105-FBAB-4533-BE22-66F35D48F9E9} = {D104145C-0EF9-494C-8EFB-F27C7002F9CA}
		{65853A10-FA3B-4FAD-9B30-1124B90DACAE} = {D104145C-0EF9-494C-8EFB-F27C7002F9CA}
	EndGlobalSection
	GlobalSection(ExtensibilityGlobals) = postSolution
		SolutionGuid = {EE3995A1-C45D-4D2B-B199-EFCE6CE1B6BB}
	EndGlobalSection
	GlobalSection(SharedMSBuildProjectFiles) = preSolution
		ImpulseCS\ImpulseCS.Shared\ImpulseCS.Shared.projitems*{6279c845-92f8-4333-ab99-3d213163593c}*SharedItemsImports = 13
		ImpulseCS\ImpulseCS.Shared\ImpulseCS.Shared.projitems*{65853a10-fa3b-4fad-9b30-1124b90dacae}*SharedItemsImports = 5
		ImpulseCS\ImpulseCS.Shared\ImpulseCS.Shared.projitems*{ab55771f-8988-47b2-9ade-c14feb1aa45d}*SharedItemsImports = 5
		ImpulseCS\ImpulseCS.Shared\ImpulseCS.Shared.projitems*{c5bc0105-fbab-4533-be22-66f35d48f9e9}*SharedItemsImports = 5
		ImpulseCS\ImpulseCS.Shared\ImpulseCS.Shared.projitems*{d1246c4c-af41-43fa-b8b5-7899823e8a8c}*SharedItemsImports = 5
		ImpulseCS\ImpulseCS.Shared\ImpulseCS.Shared.projitems*{e6db7cea-3d00-48fb-8e83-b64802a9d9da}*SharedItemsImports = 4
	EndGlobalSection
EndGlobal
